{
  "version": "4",
  "specifiers": {
    "jsr:@dx/reflect@~0.2.14": "0.2.14",
    "jsr:@std/assert@*": "1.0.10",
    "jsr:@std/assert@^1.0.10": "1.0.11",
    "jsr:@std/assert@^1.0.11": "1.0.11",
    "jsr:@std/async@^1.0.9": "1.0.10",
    "jsr:@std/bytes@^1.0.4": "1.0.4",
    "jsr:@std/data-structures@^1.0.6": "1.0.6",
    "jsr:@std/dotenv@*": "0.225.3",
    "jsr:@std/dotenv@~0.225.3": "0.225.3",
    "jsr:@std/expect@*": "1.0.12",
    "jsr:@std/expect@^1.0.12": "1.0.12",
    "jsr:@std/fs@^1.0.9": "1.0.9",
    "jsr:@std/internal@^1.0.5": "1.0.5",
    "jsr:@std/io@~0.225.1": "0.225.1",
    "jsr:@std/path@*": "1.0.8",
    "jsr:@std/path@^1.0.8": "1.0.8",
    "jsr:@std/testing@^1.0.9": "1.0.9",
    "npm:reverse-mirage@^1.1.0": "1.1.0_viem@2.22.16__ws@8.18.0",
    "npm:viem@*": "2.22.16_ws@8.18.0",
    "npm:viem@^2.22.16": "2.22.16_ws@8.18.0"
  },
  "jsr": {
    "@dx/reflect@0.2.14": {
      "integrity": "53e1cb54e25170f43d90966679fcd7d6e0d27e23f4f1c869330d339576f446be"
    },
    "@std/assert@1.0.10": {
      "integrity": "59b5cbac5bd55459a19045d95cc7c2ff787b4f8527c0dd195078ff6f9481fbb3",
      "dependencies": [
        "jsr:@std/internal"
      ]
    },
    "@std/assert@1.0.11": {
      "integrity": "2461ef3c368fe88bc60e186e7744a93112f16fd110022e113a0849e94d1c83c1",
      "dependencies": [
        "jsr:@std/internal"
      ]
    },
    "@std/async@1.0.10": {
      "integrity": "2ff1b1c7d33d1416159989b0f69e59ec7ee8cb58510df01e454def2108b3dbec"
    },
    "@std/bytes@1.0.4": {
      "integrity": "11a0debe522707c95c7b7ef89b478c13fb1583a7cfb9a85674cd2cc2e3a28abc"
    },
    "@std/data-structures@1.0.6": {
      "integrity": "76a7fd8080c66604c0496220a791860492ab21a04a63a969c0b9a0609bbbb760"
    },
    "@std/dotenv@0.225.3": {
      "integrity": "a95e5b812c27b0854c52acbae215856d9cce9d4bbf774d938c51d212711e8d4a"
    },
    "@std/expect@1.0.12": {
      "integrity": "417509358ca7c10632c2a30273c952e447020767706d8c5e11f9793e00ec9d55",
      "dependencies": [
        "jsr:@std/assert@^1.0.11",
        "jsr:@std/internal"
      ]
    },
    "@std/fs@1.0.9": {
      "integrity": "3eef7e3ed3d317b29432c7dcb3b20122820dbc574263f721cb0248ad91bad890",
      "dependencies": [
        "jsr:@std/path@^1.0.8"
      ]
    },
    "@std/internal@1.0.5": {
      "integrity": "54a546004f769c1ac9e025abd15a76b6671ddc9687e2313b67376125650dc7ba"
    },
    "@std/io@0.225.1": {
      "integrity": "0a055fa523288d596f09ba11af5e006f17cecc75bab949b233ceba7eba40293e",
      "dependencies": [
        "jsr:@std/bytes"
      ]
    },
    "@std/path@1.0.8": {
      "integrity": "548fa456bb6a04d3c1a1e7477986b6cffbce95102d0bb447c67c4ee70e0364be"
    },
    "@std/testing@1.0.9": {
      "integrity": "9bdd4ac07cb13e7594ac30e90f6ceef7254ac83a9aeaa089be0008f33aab5cd4",
      "dependencies": [
        "jsr:@std/assert@^1.0.10",
        "jsr:@std/async",
        "jsr:@std/data-structures",
        "jsr:@std/fs",
        "jsr:@std/internal",
        "jsr:@std/path@^1.0.8"
      ]
    }
  },
  "npm": {
    "@adraffy/ens-normalize@1.11.0": {
      "integrity": "sha512-/3DDPKHqqIqxUULp8yP4zODUY1i+2xvVWsv8A79xGWdCAG+8sb0hRh0Rk2QyOJUnnbyPUAZYcpBuRe3nS2OIUg=="
    },
    "@noble/curves@1.8.1": {
      "integrity": "sha512-warwspo+UYUPep0Q+vtdVB4Ugn8GGQj8iyB3gnRWsztmUHTI3S1nhdiWNsPUGL0vud7JlRRk1XEu7Lq1KGTnMQ==",
      "dependencies": [
        "@noble/hashes"
      ]
    },
    "@noble/hashes@1.7.1": {
      "integrity": "sha512-B8XBPsn4vT/KJAGqDzbwztd+6Yte3P4V7iafm24bxgDe/mlRuK6xmWPuCNrKt2vDafZ8MfJLlchDG/vYafQEjQ=="
    },
    "@scure/base@1.2.4": {
      "integrity": "sha512-5Yy9czTO47mqz+/J8GM6GIId4umdCk1wc1q8rKERQulIoc8VP9pzDcghv10Tl2E7R96ZUx/PhND3ESYUQX8NuQ=="
    },
    "@scure/bip32@1.6.2": {
      "integrity": "sha512-t96EPDMbtGgtb7onKKqxRLfE5g05k7uHnHRM2xdE6BP/ZmxaLtPek4J4KfVn/90IQNrU1IOAqMgiDtUdtbe3nw==",
      "dependencies": [
        "@noble/curves",
        "@noble/hashes",
        "@scure/base"
      ]
    },
    "@scure/bip39@1.5.4": {
      "integrity": "sha512-TFM4ni0vKvCfBpohoh+/lY05i9gRbSwXWngAsF4CABQxoaOHijxuaZ2R6cStDQ5CHtHO9aGJTr4ksVJASRRyMA==",
      "dependencies": [
        "@noble/hashes",
        "@scure/base"
      ]
    },
    "abitype@1.0.8": {
      "integrity": "sha512-ZeiI6h3GnW06uYDLx0etQtX/p8E24UaHHBj57RSjK7YBFe7iuVn07EDpOeP451D06sF27VOz9JJPlIKJmXgkEg=="
    },
    "eventemitter3@5.0.1": {
      "integrity": "sha512-GWkBvjiSZK87ELrYOSESUYeVIc9mvLLf/nXalMOS5dYrgZq9o5OVkbZAVM06CVxYsCwH9BDZFPlQTlPA1j4ahA=="
    },
    "isows@1.0.6_ws@8.18.0": {
      "integrity": "sha512-lPHCayd40oW98/I0uvgaHKWCSvkzY27LjWLbtzOm64yQ+G3Q5npjjbdppU65iZXkK1Zt+kH9pfegli0AYfwYYw==",
      "dependencies": [
        "ws"
      ]
    },
    "ox@0.6.7": {
      "integrity": "sha512-17Gk/eFsFRAZ80p5eKqv89a57uXjd3NgIf1CaXojATPBuujVc/fQSVhBeAU9JCRB+k7J50WQAyWTxK19T9GgbA==",
      "dependencies": [
        "@adraffy/ens-normalize",
        "@noble/curves",
        "@noble/hashes",
        "@scure/bip32",
        "@scure/bip39",
        "abitype",
        "eventemitter3"
      ]
    },
    "reverse-mirage@1.1.0_viem@2.22.16__ws@8.18.0": {
      "integrity": "sha512-cA1O7GR0pn4rMFoaiEG7Skms9GenuW91DtCxeR5hphyNhH90eowV4RmUVlVPVS11CPkezm/iUjnCfmxlHri05w==",
      "dependencies": [
        "viem"
      ]
    },
    "viem@2.22.16_ws@8.18.0": {
      "integrity": "sha512-Eb4Ggna2fblb0oHBmy5XZ3Q4cN6fEmKxVpIWHjmAbtYVC9IfbZ28Z1/yZP2oOgvyRrostNndmnR298pgarBVGw==",
      "dependencies": [
        "@noble/curves",
        "@noble/hashes",
        "@scure/bip32",
        "@scure/bip39",
        "abitype",
        "isows",
        "ox",
        "ws"
      ]
    },
    "ws@8.18.0": {
      "integrity": "sha512-8VbfWfHLbbwu3+N6OKsOMpBdT4kXPDDB9cJk2bJ6mh9ucxdlnNvH1e+roYkKmN9Nxw2yjz7VzeO9oOz2zJ04Pw=="
    }
  },
  "workspace": {
    "dependencies": [
      "jsr:@dx/reflect@~0.2.14",
      "jsr:@std/assert@^1.0.11",
      "jsr:@std/dotenv@~0.225.3",
      "jsr:@std/expect@^1.0.12",
      "jsr:@std/io@~0.225.1",
      "jsr:@std/testing@^1.0.9",
      "npm:reverse-mirage@^1.1.0",
      "npm:viem@^2.22.16"
    ],
    "members": {
      "packages/celo-test-runner": {
        "dependencies": [
          "jsr:@std/path@^1.0.8",
          "npm:viem@^2.22.16"
        ]
      },
      "packages/celo-test-util": {
        "dependencies": [
          "npm:viem@^2.22.16"
        ]
      },
      "packages/celo-test-viem": {
        "dependencies": [
          "npm:reverse-mirage@^1.1.0",
          "npm:viem@^2.22.16"
        ]
      }
    }
  }
}
